// !$*UTF8*$!
{
	archiveVersion = 1;
	classes = {
	};
	objectVersion = 50;
	objects = {

/* Begin PBXBuildFile section */
		7788860224C9453600F06A30 /* AppDelegate.swift in Sources */ = {isa = PBXBuildFile; fileRef = 7788860124C9453600F06A30 /* AppDelegate.swift */; };
		7788860424C9453600F06A30 /* SceneDelegate.swift in Sources */ = {isa = PBXBuildFile; fileRef = 7788860324C9453600F06A30 /* SceneDelegate.swift */; };
		7788860624C9453600F06A30 /* ViewController.swift in Sources */ = {isa = PBXBuildFile; fileRef = 7788860524C9453600F06A30 /* ViewController.swift */; };
		7788860924C9453600F06A30 /* Main.storyboard in Resources */ = {isa = PBXBuildFile; fileRef = 7788860724C9453600F06A30 /* Main.storyboard */; };
		7788860B24C9453900F06A30 /* Assets.xcassets in Resources */ = {isa = PBXBuildFile; fileRef = 7788860A24C9453900F06A30 /* Assets.xcassets */; };
		7788860E24C9453900F06A30 /* LaunchScreen.storyboard in Resources */ = {isa = PBXBuildFile; fileRef = 7788860C24C9453900F06A30 /* LaunchScreen.storyboard */; };
		7788861924C9453900F06A30 /* CustomAppInBoxTests.swift in Sources */ = {isa = PBXBuildFile; fileRef = 7788861824C9453900F06A30 /* CustomAppInBoxTests.swift */; };
		7788862424C9453900F06A30 /* CustomAppInBoxUITests.swift in Sources */ = {isa = PBXBuildFile; fileRef = 7788862324C9453900F06A30 /* CustomAppInBoxUITests.swift */; };
/* End PBXBuildFile section */

/* Begin PBXContainerItemProxy section */
		7788861524C9453900F06A30 /* PBXContainerItemProxy */ = {
			isa = PBXContainerItemProxy;
			containerPortal = 778885F624C9453600F06A30 /* Project object */;
			proxyType = 1;
			remoteGlobalIDString = 778885FD24C9453600F06A30;
			remoteInfo = CustomAppInBox;
		};
		7788862024C9453900F06A30 /* PBXContainerItemProxy */ = {
			isa = PBXContainerItemProxy;
			containerPortal = 778885F624C9453600F06A30 /* Project object */;
			proxyType = 1;
			remoteGlobalIDString = 778885FD24C9453600F06A30;
			remoteInfo = CustomAppInBox;
		};
/* End PBXContainerItemProxy section */

/* Begin PBXFileReference section */
		778885FE24C9453600F06A30 /* CustomAppInBox.app */ = {isa = PBXFileReference; explicitFileType = wrapper.application; includeInIndex = 0; path = CustomAppInBox.app; sourceTree = BUILT_PRODUCTS_DIR; };
		7788860124C9453600F06A30 /* AppDelegate.swift */ = {isa = PBXFileReference; lastKnownFileType = sourcecode.swift; path = AppDelegate.swift; sourceTree = "<group>"; };
		7788860324C9453600F06A30 /* SceneDelegate.swift */ = {isa = PBXFileReference; lastKnownFileType = sourcecode.swift; path = SceneDelegate.swift; sourceTree = "<group>"; };
		7788860524C9453600F06A30 /* ViewController.swift */ = {isa = PBXFileReference; lastKnownFileType = sourcecode.swift; path = ViewController.swift; sourceTree = "<group>"; };
		7788860824C9453600F06A30 /* Base */ = {isa = PBXFileReference; lastKnownFileType = file.storyboard; name = Base; path = Base.lproj/Main.storyboard; sourceTree = "<group>"; };
		7788860A24C9453900F06A30 /* Assets.xcassets */ = {isa = PBXFileReference; lastKnownFileType = folder.assetcatalog; path = Assets.xcassets; sourceTree = "<group>"; };
		7788860D24C9453900F06A30 /* Base */ = {isa = PBXFileReference; lastKnownFileType = file.storyboard; name = Base; path = Base.lproj/LaunchScreen.storyboard; sourceTree = "<group>"; };
		7788860F24C9453900F06A30 /* Info.plist */ = {isa = PBXFileReference; lastKnownFileType = text.plist.xml; path = Info.plist; sourceTree = "<group>"; };
		7788861424C9453900F06A30 /* CustomAppInBoxTests.xctest */ = {isa = PBXFileReference; explicitFileType = wrapper.cfbundle; includeInIndex = 0; path = CustomAppInBoxTests.xctest; sourceTree = BUILT_PRODUCTS_DIR; };
		7788861824C9453900F06A30 /* CustomAppInBoxTests.swift */ = {isa = PBXFileReference; lastKnownFileType = sourcecode.swift; path = CustomAppInBoxTests.swift; sourceTree = "<group>"; };
		7788861A24C9453900F06A30 /* Info.plist */ = {isa = PBXFileReference; lastKnownFileType = text.plist.xml; path = Info.plist; sourceTree = "<group>"; };
		7788861F24C9453900F06A30 /* CustomAppInBoxUITests.xctest */ = {isa = PBXFileReference; explicitFileType = wrapper.cfbundle; includeInIndex = 0; path = CustomAppInBoxUITests.xctest; sourceTree = BUILT_PRODUCTS_DIR; };
		7788862324C9453900F06A30 /* CustomAppInBoxUITests.swift */ = {isa = PBXFileReference; lastKnownFileType = sourcecode.swift; path = CustomAppInBoxUITests.swift; sourceTree = "<group>"; };
		7788862524C9453900F06A30 /* Info.plist */ = {isa = PBXFileReference; lastKnownFileType = text.plist.xml; path = Info.plist; sourceTree = "<group>"; };
/* End PBXFileReference section */

/* Begin PBXFrameworksBuildPhase section */
		778885FB24C9453600F06A30 /* Frameworks */ = {
			isa = PBXFrameworksBuildPhase;
			buildActionMask = 2147483647;
			files = (
			);
			runOnlyForDeploymentPostprocessing = 0;
		};
		7788861124C9453900F06A30 /* Frameworks */ = {
			isa = PBXFrameworksBuildPhase;
			buildActionMask = 2147483647;
			files = (
			);
			runOnlyForDeploymentPostprocessing = 0;
		};
		7788861C24C9453900F06A30 /* Frameworks */ = {
			isa = PBXFrameworksBuildPhase;
			buildActionMask = 2147483647;
			files = (
			);
			runOnlyForDeploymentPostprocessing = 0;
		};
/* End PBXFrameworksBuildPhase section */

/* Begin PBXGroup section */
		778885F524C9453600F06A30 = {
			isa = PBXGroup;
			children = (
				7788860024C9453600F06A30 /* CustomAppInBox */,
				7788861724C9453900F06A30 /* CustomAppInBoxTests */,
				7788862224C9453900F06A30 /* CustomAppInBoxUITests */,
				778885FF24C9453600F06A30 /* Products */,
			);
			sourceTree = "<group>";
		};
		778885FF24C9453600F06A30 /* Products */ = {
			isa = PBXGroup;
			children = (
				778885FE24C9453600F06A30 /* CustomAppInBox.app */,
				7788861424C9453900F06A30 /* CustomAppInBoxTests.xctest */,
				7788861F24C9453900F06A30 /* CustomAppInBoxUITests.xctest */,
			);
			name = Products;
			sourceTree = "<group>";
		};
		7788860024C9453600F06A30 /* CustomAppInBox */ = {
			isa = PBXGroup;
			children = (
				7788860124C9453600F06A30 /* AppDelegate.swift */,
				7788860324C9453600F06A30 /* SceneDelegate.swift */,
				7788860524C9453600F06A30 /* ViewController.swift */,
				7788860724C9453600F06A30 /* Main.storyboard */,
				7788860A24C9453900F06A30 /* Assets.xcassets */,
				7788860C24C9453900F06A30 /* LaunchScreen.storyboard */,
				7788860F24C9453900F06A30 /* Info.plist */,
			);
			path = CustomAppInBox;
			sourceTree = "<group>";
		};
		7788861724C9453900F06A30 /* CustomAppInBoxTests */ = {
			isa = PBXGroup;
			children = (
				7788861824C9453900F06A30 /* CustomAppInBoxTests.swift */,
				7788861A24C9453900F06A30 /* Info.plist */,
			);
			path = CustomAppInBoxTests;
			sourceTree = "<group>";
		};
		7788862224C9453900F06A30 /* CustomAppInBoxUITests */ = {
			isa = PBXGroup;
			children = (
				7788862324C9453900F06A30 /* CustomAppInBoxUITests.swift */,
				7788862524C9453900F06A30 /* Info.plist */,
			);
			path = CustomAppInBoxUITests;
			sourceTree = "<group>";
		};
/* End PBXGroup section */

/* Begin PBXNativeTarget section */
		778885FD24C9453600F06A30 /* CustomAppInBox */ = {
			isa = PBXNativeTarget;
			buildConfigurationList = 7788862824C9453900F06A30 /* Build configuration list for PBXNativeTarget "CustomAppInBox" */;
			buildPhases = (
				778885FA24C9453600F06A30 /* Sources */,
				778885FB24C9453600F06A30 /* Frameworks */,
				778885FC24C9453600F06A30 /* Resources */,
			);
			buildRules = (
			);
			dependencies = (
			);
			name = CustomAppInBox;
			productName = CustomAppInBox;
			productReference = 778885FE24C9453600F06A30 /* CustomAppInBox.app */;
			productType = "com.apple.product-type.application";
		};
		7788861324C9453900F06A30 /* CustomAppInBoxTests */ = {
			isa = PBXNativeTarget;
			buildConfigurationList = 7788862B24C9453900F06A30 /* Build configuration list for PBXNativeTarget "CustomAppInBoxTests" */;
			buildPhases = (
				7788861024C9453900F06A30 /* Sources */,
				7788861124C9453900F06A30 /* Frameworks */,
				7788861224C9453900F06A30 /* Resources */,
			);
			buildRules = (
			);
			dependencies = (
				7788861624C9453900F06A30 /* PBXTargetDependency */,
			);
			name = CustomAppInBoxTests;
			productName = CustomAppInBoxTests;
			productReference = 7788861424C9453900F06A30 /* CustomAppInBoxTests.xctest */;
			productType = "com.apple.product-type.bundle.unit-test";
		};
		7788861E24C9453900F06A30 /* CustomAppInBoxUITests */ = {
			isa = PBXNativeTarget;
			buildConfigurationList = 7788862E24C9453900F06A30 /* Build configuration list for PBXNativeTarget "CustomAppInBoxUITests" */;
			buildPhases = (
				7788861B24C9453900F06A30 /* Sources */,
				7788861C24C9453900F06A30 /* Frameworks */,
				7788861D24C9453900F06A30 /* Resources */,
			);
			buildRules = (
			);
			dependencies = (
				7788862124C9453900F06A30 /* PBXTargetDependency */,
			);
			name = CustomAppInBoxUITests;
			productName = CustomAppInBoxUITests;
			productReference = 7788861F24C9453900F06A30 /* CustomAppInBoxUITests.xctest */;
			productType = "com.apple.product-type.bundle.ui-testing";
		};
/* End PBXNativeTarget section */

/* Begin PBXProject section */
		778885F624C9453600F06A30 /* Project object */ = {
			isa = PBXProject;
			attributes = {
				LastSwiftUpdateCheck = 1140;
				LastUpgradeCheck = 1140;
				ORGANIZATIONNAME = "Jay Mehta";
				TargetAttributes = {
					778885FD24C9453600F06A30 = {
						CreatedOnToolsVersion = 11.4.1;
					};
					7788861324C9453900F06A30 = {
						CreatedOnToolsVersion = 11.4.1;
						TestTargetID = 778885FD24C9453600F06A30;
					};
					7788861E24C9453900F06A30 = {
						CreatedOnToolsVersion = 11.4.1;
						TestTargetID = 778885FD24C9453600F06A30;
					};
				};
			};
			buildConfigurationList = 778885F924C9453600F06A30 /* Build configuration list for PBXProject "CustomAppInBox" */;
			compatibilityVersion = "Xcode 9.3";
			developmentRegion = en;
			hasScannedForEncodings = 0;
			knownRegions = (
				en,
				Base,
			);
			mainGroup = 778885F524C9453600F06A30;
			productRefGroup = 778885FF24C9453600F06A30 /* Products */;
			projectDirPath = "";
			projectRoot = "";
			targets = (
				778885FD24C9453600F06A30 /* CustomAppInBox */,
				7788861324C9453900F06A30 /* CustomAppInBoxTests */,
				7788861E24C9453900F06A30 /* CustomAppInBoxUITests */,
			);
		};
/* End PBXProject section */

/* Begin PBXResourcesBuildPhase section */
		778885FC24C9453600F06A30 /* Resources */ = {
			isa = PBXResourcesBuildPhase;
			buildActionMask = 2147483647;
			files = (
				7788860E24C9453900F06A30 /* LaunchScreen.storyboard in Resources */,
				7788860B24C9453900F06A30 /* Assets.xcassets in Resources */,
				7788860924C9453600F06A30 /* Main.storyboard in Resources */,
			);
			runOnlyForDeploymentPostprocessing = 0;
		};
		7788861224C9453900F06A30 /* Resources */ = {
			isa = PBXResourcesBuildPhase;
			buildActionMask = 2147483647;
			files = (
			);
			runOnlyForDeploymentPostprocessing = 0;
		};
		7788861D24C9453900F06A30 /* Resources */ = {
			isa = PBXResourcesBuildPhase;
			buildActionMask = 2147483647;
			files = (
			);
			runOnlyForDeploymentPostprocessing = 0;
		};
/* End PBXResourcesBuildPhase section */

/* Begin PBXSourcesBuildPhase section */
		778885FA24C9453600F06A30 /* Sources */ = {
			isa = PBXSourcesBuildPhase;
			buildActionMask = 2147483647;
			files = (
				7788860624C9453600F06A30 /* ViewController.swift in Sources */,
				7788860224C9453600F06A30 /* AppDelegate.swift in Sources */,
				7788860424C9453600F06A30 /* SceneDelegate.swift in Sources */,
			);
			runOnlyForDeploymentPostprocessing = 0;
		};
		7788861024C9453900F06A30 /* Sources */ = {
			isa = PBXSourcesBuildPhase;
			buildActionMask = 2147483647;
			files = (
				7788861924C9453900F06A30 /* CustomAppInBoxTests.swift in Sources */,
			);
			runOnlyForDeploymentPostprocessing = 0;
		};
		7788861B24C9453900F06A30 /* Sources */ = {
			isa = PBXSourcesBuildPhase;
			buildActionMask = 2147483647;
			files = (
				7788862424C9453900F06A30 /* CustomAppInBoxUITests.swift in Sources */,
			);
			runOnlyForDeploymentPostprocessing = 0;
		};
/* End PBXSourcesBuildPhase section */

/* Begin PBXTargetDependency section */
		7788861624C9453900F06A30 /* PBXTargetDependency */ = {
			isa = PBXTargetDependency;
			target = 778885FD24C9453600F06A30 /* CustomAppInBox */;
			targetProxy = 7788861524C9453900F06A30 /* PBXContainerItemProxy */;
		};
		7788862124C9453900F06A30 /* PBXTargetDependency */ = {
			isa = PBXTargetDependency;
			target = 778885FD24C9453600F06A30 /* CustomAppInBox */;
			targetProxy = 7788862024C9453900F06A30 /* PBXContainerItemProxy */;
		};
/* End PBXTargetDependency section */

/* Begin PBXVariantGroup section */
		7788860724C9453600F06A30 /* Main.storyboard */ = {
			isa = PBXVariantGroup;
			children = (
				7788860824C9453600F06A30 /* Base */,
			);
			name = Main.storyboard;
			sourceTree = "<group>";
		};
		7788860C24C9453900F06A30 /* LaunchScreen.storyboard */ = {
			isa = PBXVariantGroup;
			children = (
				7788860D24C9453900F06A30 /* Base */,
			);
			name = LaunchScreen.storyboard;
			sourceTree = "<group>";
		};
/* End PBXVariantGroup section */

/* Begin XCBuildConfiguration section */
		7788862624C9453900F06A30 /* Debug */ = {
			isa = XCBuildConfiguration;
			buildSettings = {
				ALWAYS_SEARCH_USER_PATHS = NO;
				CLANG_ANALYZER_NONNULL = YES;
				CLANG_ANALYZER_NUMBER_OBJECT_CONVERSION = YES_AGGRESSIVE;
				CLANG_CXX_LANGUAGE_STANDARD = "gnu++14";
				CLANG_CXX_LIBRARY = "libc++";
				CLANG_ENABLE_MODULES = YES;
				CLANG_ENABLE_OBJC_ARC = YES;
				CLANG_ENABLE_OBJC_WEAK = YES;
				CLANG_WARN_BLOCK_CAPTURE_AUTORELEASING = YES;
				CLANG_WARN_BOOL_CONVERSION = YES;
				CLANG_WARN_COMMA = YES;
				CLANG_WARN_CONSTANT_CONVERSION = YES;
				CLANG_WARN_DEPRECATED_OBJC_IMPLEMENTATIONS = YES;
				CLANG_WARN_DIRECT_OBJC_ISA_USAGE = YES_ERROR;
				CLANG_WARN_DOCUMENTATION_COMMENTS = YES;
				CLANG_WARN_EMPTY_BODY = YES;
				CLANG_WARN_ENUM_CONVERSION = YES;
				CLANG_WARN_INFINITE_RECURSION = YES;
				CLANG_WARN_INT_CONVERSION = YES;
				CLANG_WARN_NON_LITERAL_NULL_CONVERSION = YES;
				CLANG_WARN_OBJC_IMPLICIT_RETAIN_SELF = YES;
				CLANG_WARN_OBJC_LITERAL_CONVERSION = YES;
				CLANG_WARN_OBJC_ROOT_CLASS = YES_ERROR;
				CLANG_WARN_RANGE_LOOP_ANALYSIS = YES;
				CLANG_WARN_STRICT_PROTOTYPES = YES;
				CLANG_WARN_SUSPICIOUS_MOVE = YES;
				CLANG_WARN_UNGUARDED_AVAILABILITY = YES_AGGRESSIVE;
				CLANG_WARN_UNREACHABLE_CODE = YES;
				CLANG_WARN__DUPLICATE_METHOD_MATCH = YES;
				COPY_PHASE_STRIP = NO;
				DEBUG_INFORMATION_FORMAT = dwarf;
				ENABLE_STRICT_OBJC_MSGSEND = YES;
				ENABLE_TESTABILITY = YES;
				GCC_C_LANGUAGE_STANDARD = gnu11;
				GCC_DYNAMIC_NO_PIC = NO;
				GCC_NO_COMMON_BLOCKS = YES;
				GCC_OPTIMIZATION_LEVEL = 0;
				GCC_PREPROCESSOR_DEFINITIONS = (
					"DEBUG=1",
					"$(inherited)",
				);
				GCC_WARN_64_TO_32_BIT_CONVERSION = YES;
				GCC_WARN_ABOUT_RETURN_TYPE = YES_ERROR;
				GCC_WARN_UNDECLARED_SELECTOR = YES;
				GCC_WARN_UNINITIALIZED_AUTOS = YES_AGGRESSIVE;
				GCC_WARN_UNUSED_FUNCTION = YES;
				GCC_WARN_UNUSED_VARIABLE = YES;
				IPHONEOS_DEPLOYMENT_TARGET = 13.4;
				MTL_ENABLE_DEBUG_INFO = INCLUDE_SOURCE;
				MTL_FAST_MATH = YES;
				ONLY_ACTIVE_ARCH = YES;
				SDKROOT = iphoneos;
				SWIFT_ACTIVE_COMPILATION_CONDITIONS = DEBUG;
				SWIFT_OPTIMIZATION_LEVEL = "-Onone";
			};
			name = Debug;
		};
		7788862724C9453900F06A30 /* Release */ = {
			isa = XCBuildConfiguration;
			buildSettings = {
				ALWAYS_SEARCH_USER_PATHS = NO;
				CLANG_ANALYZER_NONNULL = YES;
				CLANG_ANALYZER_NUMBER_OBJECT_CONVERSION = YES_AGGRESSIVE;
				CLANG_CXX_LANGUAGE_STANDARD = "gnu++14";
				CLANG_CXX_LIBRARY = "libc++";
				CLANG_ENABLE_MODULES = YES;
				CLANG_ENABLE_OBJC_ARC = YES;
				CLANG_ENABLE_OBJC_WEAK = YES;
				CLANG_WARN_BLOCK_CAPTURE_AUTORELEASING = YES;
				CLANG_WARN_BOOL_CONVERSION = YES;
				CLANG_WARN_COMMA = YES;
				CLANG_WARN_CONSTANT_CONVERSION = YES;
				CLANG_WARN_DEPRECATED_OBJC_IMPLEMENTATIONS = YES;
				CLANG_WARN_DIRECT_OBJC_ISA_USAGE = YES_ERROR;
				CLANG_WARN_DOCUMENTATION_COMMENTS = YES;
				CLANG_WARN_EMPTY_BODY = YES;
				CLANG_WARN_ENUM_CONVERSION = YES;
				CLANG_WARN_INFINITE_RECURSION = YES;
				CLANG_WARN_INT_CONVERSION = YES;
				CLANG_WARN_NON_LITERAL_NULL_CONVERSION = YES;
				CLANG_WARN_OBJC_IMPLICIT_RETAIN_SELF = YES;
				CLANG_WARN_OBJC_LITERAL_CONVERSION = YES;
				CLANG_WARN_OBJC_ROOT_CLASS = YES_ERROR;
				CLANG_WARN_RANGE_LOOP_ANALYSIS = YES;
				CLANG_WARN_STRICT_PROTOTYPES = YES;
				CLANG_WARN_SUSPICIOUS_MOVE = YES;
				CLANG_WARN_UNGUARDED_AVAILABILITY = YES_AGGRESSIVE;
				CLANG_WARN_UNREACHABLE_CODE = YES;
				CLANG_WARN__DUPLICATE_METHOD_MATCH = YES;
				COPY_PHASE_STRIP = NO;
				DEBUG_INFORMATION_FORMAT = "dwarf-with-dsym";
				ENABLE_NS_ASSERTIONS = NO;
				ENABLE_STRICT_OBJC_MSGSEND = YES;
				GCC_C_LANGUAGE_STANDARD = gnu11;
				GCC_NO_COMMON_BLOCKS = YES;
				GCC_WARN_64_TO_32_BIT_CONVERSION = YES;
				GCC_WARN_ABOUT_RETURN_TYPE = YES_ERROR;
				GCC_WARN_UNDECLARED_SELECTOR = YES;
				GCC_WARN_UNINITIALIZED_AUTOS = YES_AGGRESSIVE;
				GCC_WARN_UNUSED_FUNCTION = YES;
				GCC_WARN_UNUSED_VARIABLE = YES;
				IPHONEOS_DEPLOYMENT_TARGET = 13.4;
				MTL_ENABLE_DEBUG_INFO = NO;
				MTL_FAST_MATH = YES;
				SDKROOT = iphoneos;
				SWIFT_COMPILATION_MODE = wholemodule;
				SWIFT_OPTIMIZATION_LEVEL = "-O";
				VALIDATE_PRODUCT = YES;
			};
			name = Release;
		};
		7788862924C9453900F06A30 /* Debug */ = {
			isa = XCBuildConfiguration;
			buildSettings = {
				ASSETCATALOG_COMPILER_APPICON_NAME = AppIcon;
				CODE_SIGN_STYLE = Automatic;
				DEVELOPMENT_TEAM = 7XM67G79YA;
				INFOPLIST_FILE = CustomAppInBox/Info.plist;
				LD_RUNPATH_SEARCH_PATHS = (
					"$(inherited)",
					"@executable_path/Frameworks",
				);
				PRODUCT_BUNDLE_IDENTIFIER = com.JM.CustomAppInBox;
				PRODUCT_NAME = "$(TARGET_NAME)";
				SWIFT_VERSION = 5.0;
				TARGETED_DEVICE_FAMILY = "1,2";
			};
			name = Debug;
		};
		7788862A24C9453900F06A30 /* Release */ = {
			isa = XCBuildConfiguration;
			buildSettings = {
				ASSETCATALOG_COMPILER_APPICON_NAME = AppIcon;
				CODE_SIGN_STYLE = Automatic;
				DEVELOPMENT_TEAM = 7XM67G79YA;
				INFOPLIST_FILE = CustomAppInBox/Info.plist;
				LD_RUNPATH_SEARCH_PATHS = (
					"$(inherited)",
					"@executable_path/Frameworks",
				);
				PRODUCT_BUNDLE_IDENTIFIER = com.JM.CustomAppInBox;
				PRODUCT_NAME = "$(TARGET_NAME)";
				SWIFT_VERSION = 5.0;
				TARGETED_DEVICE_FAMILY = "1,2";
			};
			name = Release;
		};
		7788862C24C9453900F06A30 /* Debug */ = {
			isa = XCBuildConfiguration;
			buildSettings = {
				ALWAYS_EMBED_SWIFT_STANDARD_LIBRARIES = YES;
				BUNDLE_LOADER = "$(TEST_HOST)";
				CODE_SIGN_STYLE = Automatic;
				DEVELOPMENT_TEAM = 7XM67G79YA;
				INFOPLIST_FILE = CustomAppInBoxTests/Info.plist;
				IPHONEOS_DEPLOYMENT_TARGET = 13.4;
				LD_RUNPATH_SEARCH_PATHS = (
					"$(inherited)",
					"@executable_path/Frameworks",
					"@loader_path/Frameworks",
				);
				PRODUCT_BUNDLE_IDENTIFIER = com.JM.CustomAppInBoxTests;
				PRODUCT_NAME = "$(TARGET_NAME)";
				SWIFT_VERSION = 5.0;
				TARGETED_DEVICE_FAMILY = "1,2";
				TEST_HOST = "$(BUILT_PRODUCTS_DIR)/CustomAppInBox.app/CustomAppInBox";
			};
			name = Debug;
		};
		7788862D24C9453900F06A30 /* Release */ = {
			isa = XCBuildConfiguration;
			buildSettings = {
				ALWAYS_EMBED_SWIFT_STANDARD_LIBRARIES = YES;
				BUNDLE_LOADER = "$(TEST_HOST)";
				CODE_SIGN_STYLE = Automatic;
				DEVELOPMENT_TEAM = 7XM67G79YA;
				INFOPLIST_FILE = CustomAppInBoxTests/Info.plist;
				IPHONEOS_DEPLOYMENT_TARGET = 13.4;
				LD_RUNPATH_SEARCH_PATHS = (
					"$(inherited)",
					"@executable_path/Frameworks",
					"@loader_path/Frameworks",
				);
				PRODUCT_BUNDLE_IDENTIFIER = com.JM.CustomAppInBoxTests;
				PRODUCT_NAME = "$(TARGET_NAME)";
				SWIFT_VERSION = 5.0;
				TARGETED_DEVICE_FAMILY = "1,2";
				TEST_HOST = "$(BUILT_PRODUCTS_DIR)/CustomAppInBox.app/CustomAppInBox";
			};
			name = Release;
		};
		7788862F24C9453900F06A30 /* Debug */ = {
			isa = XCBuildConfiguration;
			buildSettings = {
				ALWAYS_EMBED_SWIFT_STANDARD_LIBRARIES = YES;
				CODE_SIGN_STYLE = Automatic;
				DEVELOPMENT_TEAM = 7XM67G79YA;
				INFOPLIST_FILE = CustomAppInBoxUITests/Info.plist;
				LD_RUNPATH_SEARCH_PATHS = (
					"$(inherited)",
					"@executable_path/Frameworks",
					"@loader_path/Frameworks",
				);
				PRODUCT_BUNDLE_IDENTIFIER = com.JM.CustomAppInBoxUITests;
				PRODUCT_NAME = "$(TARGET_NAME)";
				SWIFT_VERSION = 5.0;
				TARGETED_DEVICE_FAMILY = "1,2";
				TEST_TARGET_NAME = CustomAppInBox;
			};
			name = Debug;
		};
		7788863024C9453900F06A30 /* Release */ = {
			isa = XCBuildConfiguration;
			buildSettings = {
				ALWAYS_EMBED_SWIFT_STANDARD_LIBRARIES = YES;
				CODE_SIGN_STYLE = Automatic;
				DEVELOPMENT_TEAM = 7XM67G79YA;
				INFOPLIST_FILE = CustomAppInBoxUITests/Info.plist;
				LD_RUNPATH_SEARCH_PATHS = (
					"$(inherited)",
					"@executable_path/Frameworks",
					"@loader_path/Frameworks",
				);
				PRODUCT_BUNDLE_IDENTIFIER = com.JM.CustomAppInBoxUITests;
				PRODUCT_NAME = "$(TARGET_NAME)";
				SWIFT_VERSION = 5.0;
				TARGETED_DEVICE_FAMILY = "1,2";
				TEST_TARGET_NAME = CustomAppInBox;
			};
			name = Release;
		};
/* End XCBuildConfiguration section */

/* Begin XCConfigurationList section */
		778885F924C9453600F06A30 /* Build configuration list for PBXProject "CustomAppInBox" */ = {
			isa = XCConfigurationList;
			buildConfigurations = (
				7788862624C9453900F06A30 /* Debug */,
				7788862724C9453900F06A30 /* Release */,
			);
			defaultConfigurationIsVisible = 0;
			defaultConfigurationName = Release;
		};
		7788862824C9453900F06A30 /* Build configuration list for PBXNativeTarget "CustomAppInBox" */ = {
			isa = XCConfigurationList;
			buildConfigurations = (
				7788862924C9453900F06A30 /* Debug */,
				7788862A24C9453900F06A30 /* Release */,
			);
			defaultConfigurationIsVisible = 0;
			defaultConfigurationName = Release;
		};
		7788862B24C9453900F06A30 /* Build configuration list for PBXNativeTarget "CustomAppInBoxTests" */ = {
			isa = XCConfigurationList;
			buildConfigurations = (
				7788862C24C9453900F06A30 /* Debug */,
				7788862D24C9453900F06A30 /* Release */,
			);
			defaultConfigurationIsVisible = 0;
			defaultConfigurationName = Release;
		};
		7788862E24C9453900F06A30 /* Build configuration list for PBXNativeTarget "CustomAppInBoxUITests" */ = {
			isa = XCConfigurationList;
			buildConfigurations = (
				7788862F24C9453900F06A30 /* Debug */,
				7788863024C9453900F06A30 /* Release */,
			);
			defaultConfigurationIsVisible = 0;
			defaultConfigurationName = Release;
		};
/* End XCConfigurationList section */
	};
	rootObject = 778885F624C9453600F06A30 /* Project object */;
}
